{
  "lockfileVersion": 1,
  "configVersion": 1,
  "workspaces": {
    "": {
      "name": "workspace",
      "dependencies": {
        "@replit/connectors-sdk": "^0.4.1",
      },
      "devDependencies": {
        "prettier": "^3.9.5",
        "typescript": "~5.9.3",
      },
    },
  },
  "packages": {
    "@replit/connectors-sdk": ["@replit/connectors-sdk@0.4.1", "https://europe-west1-npm.pkg.dev/lovable-core-prod/sandbox-npm-cache/@replit/connectors-sdk/-/connectors-sdk-0.4.1.tgz", {}, "sha512-iw0uy95+Qul8MPc/bBo8hBfYk1wm6RpBZ9sHyCpcA9A9T4zcUT9deSQxdyMyI0w3sv3+5uGmdfq1TpFTMrjD1g=="],

    "prettier": ["prettier@3.9.5", "https://europe-west1-npm.pkg.dev/lovable-core-prod/sandbox-npm-cache/prettier/-/prettier-3.9.5.tgz", { "bin": { "prettier": "bin/prettier.cjs" } }, "sha512-/FVl766LpUfB5vXgCYOYa0MeV/441Ia99AeICQIQFTY/Nw0roZwULcXpku5i1/m5kt/baz+s4Zogspd839HSMg=="],

    "typescript": ["typescript@5.9.3", "https://europe-west1-npm.pkg.dev/lovable-core-prod/sandbox-npm-cache/typescript/-/typescript-5.9.3.tgz", { "bin": { "tsc": "bin/tsc", "tsserver": "bin/tsserver" } }, "sha512-jl1vZzPDinLr9eUt3J/t7V6FgNEw9QjvBPdysz9KfQDD41fQrC2Y4vKQdiaUpFT4bXlb1RHhLpp8wtm6M5TgSw=="],
  }
}
